
Microsoft Visual Studio Solution File, Format Version 12.00
# Visual Studio Version 16
VisualStudioVersion = 16.0.29926.136
MinimumVisualStudioVersion = 10.0.40219.1
Project("{888888A0-9F3D-457C-B088-3A5042F75D52}") = "game", "game\game.pyproj", "{306E2AC4-D120-45A2-BE56-442C5A5B7047}"
EndProject
Project("{8BC9CEB8-8B4A-11D0-8D11-00A0C91BC942}") = "ccoginvasion", "ccoginvasion\ccoginvasion.vcxproj", "{662A215D-3AA6-3E76-BD28-D7716A7FCF1F}"
EndProject
Project("{8BC9CEB8-8B4A-11D0-8D11-00A0C91BC942}") = "libpandabsp", "..\rpbmStudios\panda_cxx_projs\libpandabsp\libpandabsp.vcxproj", "{26AF6F0C-8E1C-3C14-87B3-9A04FC9ADCBB}"
EndProject
Project("{8BC9CEB8-8B4A-11D0-8D11-00A0C91BC942}") = "vifparser", "..\rpbmStudios\panda_cxx_projs\vifparser\vifparser.vcxproj", "{AD18E07A-FA5C-38FF-AA9C-FB2F038D4233}"
EndProject
Project("{8BC9CEB8-8B4A-11D0-8D11-00A0C91BC942}") = "p3bsp", "..\rpbmStudios\panda_hl_bsp_tools\p3bsp\p3bsp.vcxproj", "{E75CEB5E-EBAE-1E7D-A626-81604E140A5F}"
EndProject
Project("{8BC9CEB8-8B4A-11D0-8D11-00A0C91BC942}") = "p3csg", "..\rpbmStudios\panda_hl_bsp_tools\p3csg\p3csg.vcxproj", "{505681C2-3E57-300B-D330-46DD50C147D2}"
EndProject
Project("{8BC9CEB8-8B4A-11D0-8D11-00A0C91BC942}") = "p3rad", "..\rpbmStudios\panda_hl_bsp_tools\p3rad\p3rad.vcxproj", "{3B5F6C9B-1238-1ECF-14D8-01E4C3AB0EE1}"
EndProject
Project("{8BC9CEB8-8B4A-11D0-8D11-00A0C91BC942}") = "p3vis", "..\rpbmStudios\panda_hl_bsp_tools\p3vis\p3vis.vcxproj", "{76051CAC-5741-AF85-0C95-3A214F58D9AD}"
EndProject
Global
	GlobalSection(SolutionConfigurationPlatforms) = preSolution
		Debug|Any CPU = Debug|Any CPU
		Debug|x64 = Debug|x64
		Debug|x86 = Debug|x86
		MinSizeRel|Any CPU = MinSizeRel|Any CPU
		MinSizeRel|x64 = MinSizeRel|x64
		MinSizeRel|x86 = MinSizeRel|x86
		Release|Any CPU = Release|Any CPU
		Release|x64 = Release|x64
		Release|x86 = Release|x86
		RelWithDebInfo|Any CPU = RelWithDebInfo|Any CPU
		RelWithDebInfo|x64 = RelWithDebInfo|x64
		RelWithDebInfo|x86 = RelWithDebInfo|x86
	EndGlobalSection
	GlobalSection(ProjectConfigurationPlatforms) = postSolution
		{306E2AC4-D120-45A2-BE56-442C5A5B7047}.Debug|Any CPU.ActiveCfg = Debug|Any CPU
		{306E2AC4-D120-45A2-BE56-442C5A5B7047}.Debug|x64.ActiveCfg = Debug|Any CPU
		{306E2AC4-D120-45A2-BE56-442C5A5B7047}.Debug|x86.ActiveCfg = Debug|Any CPU
		{306E2AC4-D120-45A2-BE56-442C5A5B7047}.MinSizeRel|Any CPU.ActiveCfg = Release|Any CPU
		{306E2AC4-D120-45A2-BE56-442C5A5B7047}.MinSizeRel|x64.ActiveCfg = Release|Any CPU
		{306E2AC4-D120-45A2-BE56-442C5A5B7047}.MinSizeRel|x86.ActiveCfg = Release|Any CPU
		{306E2AC4-D120-45A2-BE56-442C5A5B7047}.Release|Any CPU.ActiveCfg = Release|Any CPU
		{306E2AC4-D120-45A2-BE56-442C5A5B7047}.Release|x64.ActiveCfg = Release|Any CPU
		{306E2AC4-D120-45A2-BE56-442C5A5B7047}.Release|x86.ActiveCfg = Release|Any CPU
		{306E2AC4-D120-45A2-BE56-442C5A5B7047}.RelWithDebInfo|Any CPU.ActiveCfg = Release|Any CPU
		{306E2AC4-D120-45A2-BE56-442C5A5B7047}.RelWithDebInfo|x64.ActiveCfg = Release|Any CPU
		{306E2AC4-D120-45A2-BE56-442C5A5B7047}.RelWithDebInfo|x86.ActiveCfg = Release|Any CPU
		{662A215D-3AA6-3E76-BD28-D7716A7FCF1F}.Debug|Any CPU.ActiveCfg = Debug|x64
		{662A215D-3AA6-3E76-BD28-D7716A7FCF1F}.Debug|x64.ActiveCfg = Debug|x64
		{662A215D-3AA6-3E76-BD28-D7716A7FCF1F}.Debug|x64.Build.0 = Debug|x64
		{662A215D-3AA6-3E76-BD28-D7716A7FCF1F}.Debug|x86.ActiveCfg = Debug|x64
		{662A215D-3AA6-3E76-BD28-D7716A7FCF1F}.MinSizeRel|Any CPU.ActiveCfg = MinSizeRel|x64
		{662A215D-3AA6-3E76-BD28-D7716A7FCF1F}.MinSizeRel|x64.ActiveCfg = MinSizeRel|x64
		{662A215D-3AA6-3E76-BD28-D7716A7FCF1F}.MinSizeRel|x64.Build.0 = MinSizeRel|x64
		{662A215D-3AA6-3E76-BD28-D7716A7FCF1F}.MinSizeRel|x86.ActiveCfg = MinSizeRel|x64
		{662A215D-3AA6-3E76-BD28-D7716A7FCF1F}.Release|Any CPU.ActiveCfg = Release|x64
		{662A215D-3AA6-3E76-BD28-D7716A7FCF1F}.Release|x64.ActiveCfg = Release|x64
		{662A215D-3AA6-3E76-BD28-D7716A7FCF1F}.Release|x64.Build.0 = Release|x64
		{662A215D-3AA6-3E76-BD28-D7716A7FCF1F}.Release|x86.ActiveCfg = Release|x64
		{662A215D-3AA6-3E76-BD28-D7716A7FCF1F}.RelWithDebInfo|Any CPU.ActiveCfg = RelWithDebInfo|x64
		{662A215D-3AA6-3E76-BD28-D7716A7FCF1F}.RelWithDebInfo|x64.ActiveCfg = RelWithDebInfo|x64
		{662A215D-3AA6-3E76-BD28-D7716A7FCF1F}.RelWithDebInfo|x64.Build.0 = RelWithDebInfo|x64
		{662A215D-3AA6-3E76-BD28-D7716A7FCF1F}.RelWithDebInfo|x86.ActiveCfg = RelWithDebInfo|x64
		{26AF6F0C-8E1C-3C14-87B3-9A04FC9ADCBB}.Debug|Any CPU.ActiveCfg = Debug|x64
		{26AF6F0C-8E1C-3C14-87B3-9A04FC9ADCBB}.Debug|x64.ActiveCfg = Debug|x64
		{26AF6F0C-8E1C-3C14-87B3-9A04FC9ADCBB}.Debug|x64.Build.0 = Debug|x64
		{26AF6F0C-8E1C-3C14-87B3-9A04FC9ADCBB}.Debug|x86.ActiveCfg = Debug|x64
		{26AF6F0C-8E1C-3C14-87B3-9A04FC9ADCBB}.MinSizeRel|Any CPU.ActiveCfg = MinSizeRel|x64
		{26AF6F0C-8E1C-3C14-87B3-9A04FC9ADCBB}.MinSizeRel|x64.ActiveCfg = MinSizeRel|x64
		{26AF6F0C-8E1C-3C14-87B3-9A04FC9ADCBB}.MinSizeRel|x64.Build.0 = MinSizeRel|x64
		{26AF6F0C-8E1C-3C14-87B3-9A04FC9ADCBB}.MinSizeRel|x86.ActiveCfg = MinSizeRel|x64
		{26AF6F0C-8E1C-3C14-87B3-9A04FC9ADCBB}.Release|Any CPU.ActiveCfg = Release|x64
		{26AF6F0C-8E1C-3C14-87B3-9A04FC9ADCBB}.Release|x64.ActiveCfg = Release|x64
		{26AF6F0C-8E1C-3C14-87B3-9A04FC9ADCBB}.Release|x64.Build.0 = Release|x64
		{26AF6F0C-8E1C-3C14-87B3-9A04FC9ADCBB}.Release|x86.ActiveCfg = Release|x64
		{26AF6F0C-8E1C-3C14-87B3-9A04FC9ADCBB}.RelWithDebInfo|Any CPU.ActiveCfg = RelWithDebInfo|x64
		{26AF6F0C-8E1C-3C14-87B3-9A04FC9ADCBB}.RelWithDebInfo|x64.ActiveCfg = RelWithDebInfo|x64
		{26AF6F0C-8E1C-3C14-87B3-9A04FC9ADCBB}.RelWithDebInfo|x64.Build.0 = RelWithDebInfo|x64
		{26AF6F0C-8E1C-3C14-87B3-9A04FC9ADCBB}.RelWithDebInfo|x86.ActiveCfg = RelWithDebInfo|x64
		{AD18E07A-FA5C-38FF-AA9C-FB2F038D4233}.Debug|Any CPU.ActiveCfg = Debug|x64
		{AD18E07A-FA5C-38FF-AA9C-FB2F038D4233}.Debug|x64.ActiveCfg = Debug|x64
		{AD18E07A-FA5C-38FF-AA9C-FB2F038D4233}.Debug|x64.Build.0 = Debug|x64
		{AD18E07A-FA5C-38FF-AA9C-FB2F038D4233}.Debug|x86.ActiveCfg = Debug|x64
		{AD18E07A-FA5C-38FF-AA9C-FB2F038D4233}.MinSizeRel|Any CPU.ActiveCfg = MinSizeRel|x64
		{AD18E07A-FA5C-38FF-AA9C-FB2F038D4233}.MinSizeRel|x64.ActiveCfg = MinSizeRel|x64
		{AD18E07A-FA5C-38FF-AA9C-FB2F038D4233}.MinSizeRel|x64.Build.0 = MinSizeRel|x64
		{AD18E07A-FA5C-38FF-AA9C-FB2F038D4233}.MinSizeRel|x86.ActiveCfg = MinSizeRel|x64
		{AD18E07A-FA5C-38FF-AA9C-FB2F038D4233}.Release|Any CPU.ActiveCfg = Release|x64
		{AD18E07A-FA5C-38FF-AA9C-FB2F038D4233}.Release|x64.ActiveCfg = Release|x64
		{AD18E07A-FA5C-38FF-AA9C-FB2F038D4233}.Release|x64.Build.0 = Release|x64
		{AD18E07A-FA5C-38FF-AA9C-FB2F038D4233}.Release|x86.ActiveCfg = Release|x64
		{AD18E07A-FA5C-38FF-AA9C-FB2F038D4233}.RelWithDebInfo|Any CPU.ActiveCfg = RelWithDebInfo|x64
		{AD18E07A-FA5C-38FF-AA9C-FB2F038D4233}.RelWithDebInfo|x64.ActiveCfg = RelWithDebInfo|x64
		{AD18E07A-FA5C-38FF-AA9C-FB2F038D4233}.RelWithDebInfo|x64.Build.0 = RelWithDebInfo|x64
		{AD18E07A-FA5C-38FF-AA9C-FB2F038D4233}.RelWithDebInfo|x86.ActiveCfg = RelWithDebInfo|x64
		{E75CEB5E-EBAE-1E7D-A626-81604E140A5F}.Debug|Any CPU.ActiveCfg = Release|x64
		{E75CEB5E-EBAE-1E7D-A626-81604E140A5F}.Debug|Any CPU.Build.0 = Release|x64
		{E75CEB5E-EBAE-1E7D-A626-81604E140A5F}.Debug|x64.ActiveCfg = Release|x64
		{E75CEB5E-EBAE-1E7D-A626-81604E140A5F}.Debug|x64.Build.0 = Release|x64
		{E75CEB5E-EBAE-1E7D-A626-81604E140A5F}.Debug|x86.ActiveCfg = Debug|x64
		{E75CEB5E-EBAE-1E7D-A626-81604E140A5F}.MinSizeRel|Any CPU.ActiveCfg = Release|x64
		{E75CEB5E-EBAE-1E7D-A626-81604E140A5F}.MinSizeRel|Any CPU.Build.0 = Release|x64
		{E75CEB5E-EBAE-1E7D-A626-81604E140A5F}.MinSizeRel|x64.ActiveCfg = Release|x64
		{E75CEB5E-EBAE-1E7D-A626-81604E140A5F}.MinSizeRel|x64.Build.0 = Release|x64
		{E75CEB5E-EBAE-1E7D-A626-81604E140A5F}.MinSizeRel|x86.ActiveCfg = MinSizeRel|x64
		{E75CEB5E-EBAE-1E7D-A626-81604E140A5F}.Release|Any CPU.ActiveCfg = Release|x64
		{E75CEB5E-EBAE-1E7D-A626-81604E140A5F}.Release|x64.ActiveCfg = Release|x64
		{E75CEB5E-EBAE-1E7D-A626-81604E140A5F}.Release|x64.Build.0 = Release|x64
		{E75CEB5E-EBAE-1E7D-A626-81604E140A5F}.Release|x86.ActiveCfg = Release|x64
		{E75CEB5E-EBAE-1E7D-A626-81604E140A5F}.RelWithDebInfo|Any CPU.ActiveCfg = Release|x64
		{E75CEB5E-EBAE-1E7D-A626-81604E140A5F}.RelWithDebInfo|Any CPU.Build.0 = Release|x64
		{E75CEB5E-EBAE-1E7D-A626-81604E140A5F}.RelWithDebInfo|x64.ActiveCfg = Release|x64
		{E75CEB5E-EBAE-1E7D-A626-81604E140A5F}.RelWithDebInfo|x64.Build.0 = Release|x64
		{E75CEB5E-EBAE-1E7D-A626-81604E140A5F}.RelWithDebInfo|x86.ActiveCfg = RelWithDebInfo|x64
		{505681C2-3E57-300B-D330-46DD50C147D2}.Debug|Any CPU.ActiveCfg = Release|x64
		{505681C2-3E57-300B-D330-46DD50C147D2}.Debug|Any CPU.Build.0 = Release|x64
		{505681C2-3E57-300B-D330-46DD50C147D2}.Debug|x64.ActiveCfg = Release|x64
		{505681C2-3E57-300B-D330-46DD50C147D2}.Debug|x64.Build.0 = Release|x64
		{505681C2-3E57-300B-D330-46DD50C147D2}.Debug|x86.ActiveCfg = Debug|x64
		{505681C2-3E57-300B-D330-46DD50C147D2}.MinSizeRel|Any CPU.ActiveCfg = Release|x64
		{505681C2-3E57-300B-D330-46DD50C147D2}.MinSizeRel|Any CPU.Build.0 = Release|x64
		{505681C2-3E57-300B-D330-46DD50C147D2}.MinSizeRel|x64.ActiveCfg = Release|x64
		{505681C2-3E57-300B-D330-46DD50C147D2}.MinSizeRel|x64.Build.0 = Release|x64
		{505681C2-3E57-300B-D330-46DD50C147D2}.MinSizeRel|x86.ActiveCfg = MinSizeRel|x64
		{505681C2-3E57-300B-D330-46DD50C147D2}.Release|Any CPU.ActiveCfg = Release|x64
		{505681C2-3E57-300B-D330-46DD50C147D2}.Release|x64.ActiveCfg = Release|x64
		{505681C2-3E57-300B-D330-46DD50C147D2}.Release|x64.Build.0 = Release|x64
		{505681C2-3E57-300B-D330-46DD50C147D2}.Release|x86.ActiveCfg = Release|x64
		{505681C2-3E57-300B-D330-46DD50C147D2}.RelWithDebInfo|Any CPU.ActiveCfg = Release|x64
		{505681C2-3E57-300B-D330-46DD50C147D2}.RelWithDebInfo|Any CPU.Build.0 = Release|x64
		{505681C2-3E57-300B-D330-46DD50C147D2}.RelWithDebInfo|x64.ActiveCfg = Release|x64
		{505681C2-3E57-300B-D330-46DD50C147D2}.RelWithDebInfo|x64.Build.0 = Release|x64
		{505681C2-3E57-300B-D330-46DD50C147D2}.RelWithDebInfo|x86.ActiveCfg = RelWithDebInfo|x64
		{3B5F6C9B-1238-1ECF-14D8-01E4C3AB0EE1}.Debug|Any CPU.ActiveCfg = Release|x64
		{3B5F6C9B-1238-1ECF-14D8-01E4C3AB0EE1}.Debug|Any CPU.Build.0 = Release|x64
		{3B5F6C9B-1238-1ECF-14D8-01E4C3AB0EE1}.Debug|x64.ActiveCfg = Release|x64
		{3B5F6C9B-1238-1ECF-14D8-01E4C3AB0EE1}.Debug|x64.Build.0 = Release|x64
		{3B5F6C9B-1238-1ECF-14D8-01E4C3AB0EE1}.Debug|x86.ActiveCfg = Debug|x64
		{3B5F6C9B-1238-1ECF-14D8-01E4C3AB0EE1}.MinSizeRel|Any CPU.ActiveCfg = Release|x64
		{3B5F6C9B-1238-1ECF-14D8-01E4C3AB0EE1}.MinSizeRel|Any CPU.Build.0 = Release|x64
		{3B5F6C9B-1238-1ECF-14D8-01E4C3AB0EE1}.MinSizeRel|x64.ActiveCfg = Release|x64
		{3B5F6C9B-1238-1ECF-14D8-01E4C3AB0EE1}.MinSizeRel|x64.Build.0 = Release|x64
		{3B5F6C9B-1238-1ECF-14D8-01E4C3AB0EE1}.MinSizeRel|x86.ActiveCfg = MinSizeRel|x64
		{3B5F6C9B-1238-1ECF-14D8-01E4C3AB0EE1}.Release|Any CPU.ActiveCfg = Release|x64
		{3B5F6C9B-1238-1ECF-14D8-01E4C3AB0EE1}.Release|x64.ActiveCfg = Release|x64
		{3B5F6C9B-1238-1ECF-14D8-01E4C3AB0EE1}.Release|x64.Build.0 = Release|x64
		{3B5F6C9B-1238-1ECF-14D8-01E4C3AB0EE1}.Release|x86.ActiveCfg = Release|x64
		{3B5F6C9B-1238-1ECF-14D8-01E4C3AB0EE1}.RelWithDebInfo|Any CPU.ActiveCfg = Release|x64
		{3B5F6C9B-1238-1ECF-14D8-01E4C3AB0EE1}.RelWithDebInfo|Any CPU.Build.0 = Release|x64
		{3B5F6C9B-1238-1ECF-14D8-01E4C3AB0EE1}.RelWithDebInfo|x64.ActiveCfg = Release|x64
		{3B5F6C9B-1238-1ECF-14D8-01E4C3AB0EE1}.RelWithDebInfo|x64.Build.0 = Release|x64
		{3B5F6C9B-1238-1ECF-14D8-01E4C3AB0EE1}.RelWithDebInfo|x86.ActiveCfg = RelWithDebInfo|x64
		{76051CAC-5741-AF85-0C95-3A214F58D9AD}.Debug|Any CPU.ActiveCfg = Release|x64
		{76051CAC-5741-AF85-0C95-3A214F58D9AD}.Debug|Any CPU.Build.0 = Release|x64
		{76051CAC-5741-AF85-0C95-3A214F58D9AD}.Debug|x64.ActiveCfg = Release|x64
		{76051CAC-5741-AF85-0C95-3A214F58D9AD}.Debug|x64.Build.0 = Release|x64
		{76051CAC-5741-AF85-0C95-3A214F58D9AD}.Debug|x86.ActiveCfg = Debug|x64
		{76051CAC-5741-AF85-0C95-3A214F58D9AD}.MinSizeRel|Any CPU.ActiveCfg = Release|x64
		{76051CAC-5741-AF85-0C95-3A214F58D9AD}.MinSizeRel|Any CPU.Build.0 = Release|x64
		{76051CAC-5741-AF85-0C95-3A214F58D9AD}.MinSizeRel|x64.ActiveCfg = Release|x64
		{76051CAC-5741-AF85-0C95-3A214F58D9AD}.MinSizeRel|x64.Build.0 = Release|x64
		{76051CAC-5741-AF85-0C95-3A214F58D9AD}.MinSizeRel|x86.ActiveCfg = MinSizeRel|x64
		{76051CAC-5741-AF85-0C95-3A214F58D9AD}.Release|Any CPU.ActiveCfg = Release|x64
		{76051CAC-5741-AF85-0C95-3A214F58D9AD}.Release|x64.ActiveCfg = Release|x64
		{76051CAC-5741-AF85-0C95-3A214F58D9AD}.Release|x64.Build.0 = Release|x64
		{76051CAC-5741-AF85-0C95-3A214F58D9AD}.Release|x86.ActiveCfg = Release|x64
		{76051CAC-5741-AF85-0C95-3A214F58D9AD}.RelWithDebInfo|Any CPU.ActiveCfg = Release|x64
		{76051CAC-5741-AF85-0C95-3A214F58D9AD}.RelWithDebInfo|Any CPU.Build.0 = Release|x64
		{76051CAC-5741-AF85-0C95-3A214F58D9AD}.RelWithDebInfo|x64.ActiveCfg = Release|x64
		{76051CAC-5741-AF85-0C95-3A214F58D9AD}.RelWithDebInfo|x64.Build.0 = Release|x64
		{76051CAC-5741-AF85-0C95-3A214F58D9AD}.RelWithDebInfo|x86.ActiveCfg = RelWithDebInfo|x64
	EndGlobalSection
	GlobalSection(SolutionProperties) = preSolution
		HideSolutionNode = FALSE
	EndGlobalSection
	GlobalSection(ExtensibilityGlobals) = postSolution
		SolutionGuid = {12182422-BF4E-454C-99A6-C95FFCB3B71D}
	EndGlobalSection
EndGlobal
