<?xml version="1.0" encoding="utf-8"?>
<Project ToolsVersion="16.0" xmlns="http://schemas.microsoft.com/developer/msbuild/2003">
  <ItemGroup>
    <ClCompile Include="C:\Users\Rocket\Desktop\Projects\Games\Disney\Toontown\Sources\CogInvasionOnline\Final\cog-invasion-online\ccoginvasion\source\audioclip.cpp">
      <Filter>Source Files</Filter>
    </ClCompile>
    <ClCompile Include="C:\Users\Rocket\Desktop\Projects\Games\Disney\Toontown\Sources\CogInvasionOnline\Final\cog-invasion-online\ccoginvasion\source\cnametag.cpp">
      <Filter>Source Files</Filter>
    </ClCompile>
    <ClCompile Include="C:\Users\Rocket\Desktop\Projects\Games\Disney\Toontown\Sources\CogInvasionOnline\Final\cog-invasion-online\ccoginvasion\source\cnametag3d.cpp">
      <Filter>Source Files</Filter>
    </ClCompile>
    <ClCompile Include="C:\Users\Rocket\Desktop\Projects\Games\Disney\Toontown\Sources\CogInvasionOnline\Final\cog-invasion-online\ccoginvasion\source\config_ccoginvasion.cpp">
      <Filter>Source Files</Filter>
    </ClCompile>
    <ClCompile Include="C:\Users\Rocket\Desktop\Projects\Games\Disney\Toontown\Sources\CogInvasionOnline\Final\cog-invasion-online\ccoginvasion\source\ct_musicdata.cpp">
      <Filter>Source Files</Filter>
    </ClCompile>
    <ClCompile Include="C:\Users\Rocket\Desktop\Projects\Games\Disney\Toontown\Sources\CogInvasionOnline\Final\cog-invasion-online\ccoginvasion\source\ct_musicmgr.cpp">
      <Filter>Source Files</Filter>
    </ClCompile>
    <ClCompile Include="C:\Users\Rocket\Desktop\Projects\Games\Disney\Toontown\Sources\CogInvasionOnline\Final\cog-invasion-online\ccoginvasion\source\lerper.cpp">
      <Filter>Source Files</Filter>
    </ClCompile>
    <ClCompile Include="C:\Users\Rocket\Desktop\Projects\Games\Disney\Toontown\Sources\CogInvasionOnline\Final\cog-invasion-online\ccoginvasion\source\smartcamera_bullet.cpp">
      <Filter>Source Files</Filter>
    </ClCompile>
    <ClCompile Include="C:\Users\Rocket\Desktop\Projects\Games\Disney\Toontown\Sources\CogInvasionOnline\Final\cog-invasion-online\ccoginvasion\source\suitpathfinder_ai.cpp">
      <Filter>Source Files</Filter>
    </ClCompile>
    <ClCompile Include="C:\Users\Rocket\Desktop\Projects\Games\Disney\Toontown\Sources\CogInvasionOnline\Final\cog-invasion-online\ccoginvasion\source\tools.cpp">
      <Filter>Source Files</Filter>
    </ClCompile>
    <ClCompile Include="C:\Users\Rocket\Desktop\Projects\Games\Disney\Toontown\Sources\CogInvasionOnline\Final\cog-invasion-online\ccoginvasion\ccoginvasion_module.cpp">
      <Filter>Source Files</Filter>
    </ClCompile>
    <ClCompile Include="C:\Users\Rocket\Desktop\Projects\Games\Disney\Toontown\Sources\CogInvasionOnline\Final\cog-invasion-online\ccoginvasion\ccoginvasion_igate.cpp">
      <Filter>Source Files</Filter>
    </ClCompile>
  </ItemGroup>
  <ItemGroup>
    <ClInclude Include="C:\Users\Rocket\Desktop\Projects\Games\Disney\Toontown\Sources\CogInvasionOnline\Final\cog-invasion-online\ccoginvasion\source\audioclip.h">
      <Filter>Header Files</Filter>
    </ClInclude>
    <ClInclude Include="C:\Users\Rocket\Desktop\Projects\Games\Disney\Toontown\Sources\CogInvasionOnline\Final\cog-invasion-online\ccoginvasion\source\cNametag.h">
      <Filter>Header Files</Filter>
    </ClInclude>
    <ClInclude Include="C:\Users\Rocket\Desktop\Projects\Games\Disney\Toontown\Sources\CogInvasionOnline\Final\cog-invasion-online\ccoginvasion\source\cNametag3d.h">
      <Filter>Header Files</Filter>
    </ClInclude>
    <ClInclude Include="C:\Users\Rocket\Desktop\Projects\Games\Disney\Toontown\Sources\CogInvasionOnline\Final\cog-invasion-online\ccoginvasion\source\config_ccoginvasion.h">
      <Filter>Header Files</Filter>
    </ClInclude>
    <ClInclude Include="C:\Users\Rocket\Desktop\Projects\Games\Disney\Toontown\Sources\CogInvasionOnline\Final\cog-invasion-online\ccoginvasion\source\ct_musicdata.h">
      <Filter>Header Files</Filter>
    </ClInclude>
    <ClInclude Include="C:\Users\Rocket\Desktop\Projects\Games\Disney\Toontown\Sources\CogInvasionOnline\Final\cog-invasion-online\ccoginvasion\source\ct_musicmgr.h">
      <Filter>Header Files</Filter>
    </ClInclude>
    <ClInclude Include="C:\Users\Rocket\Desktop\Projects\Games\Disney\Toontown\Sources\CogInvasionOnline\Final\cog-invasion-online\ccoginvasion\source\lerper.h">
      <Filter>Header Files</Filter>
    </ClInclude>
    <ClInclude Include="C:\Users\Rocket\Desktop\Projects\Games\Disney\Toontown\Sources\CogInvasionOnline\Final\cog-invasion-online\ccoginvasion\source\smartcamera_bullet.h">
      <Filter>Header Files</Filter>
    </ClInclude>
    <ClInclude Include="C:\Users\Rocket\Desktop\Projects\Games\Disney\Toontown\Sources\CogInvasionOnline\Final\cog-invasion-online\ccoginvasion\source\suitpathfinder_ai.h">
      <Filter>Header Files</Filter>
    </ClInclude>
  </ItemGroup>
  <ItemGroup>
    <CustomBuild Include="C:\Users\Rocket\Desktop\Projects\Games\Disney\Toontown\Sources\CogInvasionOnline\Final\cog-invasion-online\ccoginvasion\CMakeLists.txt" />
  </ItemGroup>
  <ItemGroup>
    <Filter Include="Header Files">
      <UniqueIdentifier>{C0F8A40A-44D4-3A50-9B3A-5ADA86ADBABB}</UniqueIdentifier>
    </Filter>
    <Filter Include="Source Files">
      <UniqueIdentifier>{11069E4F-C516-312D-9F54-F2AF29DCAB4E}</UniqueIdentifier>
    </Filter>
  </ItemGroup>
</Project>
